// !$*UTF8*$!
{
	archiveVersion = 1;
	classes = {
	};
	objectVersion = 51;
	objects = {

/* Begin PBXBuildFile section */
		2B72FBA0257FE9E600D64C4B /* UploadPostController.swift in Sources */ = {isa = PBXBuildFile; fileRef = 2B72FB9F257FE9E600D64C4B /* UploadPostController.swift */; };
		2B72FBA3257FF6A100D64C4B /* CustomTextView.swift in Sources */ = {isa = PBXBuildFile; fileRef = 2B72FBA2257FF6A100D64C4B /* CustomTextView.swift */; };
		2B72FBA62581442200D64C4B /* PostService.swift in Sources */ = {isa = PBXBuildFile; fileRef = 2B72FBA52581442200D64C4B /* PostService.swift */; };
		2B72FBA92584A41200D64C4B /* Post.swift in Sources */ = {isa = PBXBuildFile; fileRef = 2B72FBA82584A41200D64C4B /* Post.swift */; };
		2B72FBAC2584ABE900D64C4B /* PostViewModel.swift in Sources */ = {isa = PBXBuildFile; fileRef = 2B72FBAB2584ABE900D64C4B /* PostViewModel.swift */; };
		2B7608BF2568EE100007C579 /* AppDelegate.swift in Sources */ = {isa = PBXBuildFile; fileRef = 2B7608BE2568EE100007C579 /* AppDelegate.swift */; };
		2B7608C12568EE100007C579 /* SceneDelegate.swift in Sources */ = {isa = PBXBuildFile; fileRef = 2B7608C02568EE100007C579 /* SceneDelegate.swift */; };
		2B7608C82568EE140007C579 /* Assets.xcassets in Resources */ = {isa = PBXBuildFile; fileRef = 2B7608C72568EE140007C579 /* Assets.xcassets */; };
		2B7608CB2568EE140007C579 /* LaunchScreen.storyboard in Resources */ = {isa = PBXBuildFile; fileRef = 2B7608C92568EE140007C579 /* LaunchScreen.storyboard */; };
		2B7608DC2568EF050007C579 /* MainTabController.swift in Sources */ = {isa = PBXBuildFile; fileRef = 2B7608DB2568EF050007C579 /* MainTabController.swift */; };
		2B7608E02568F25A0007C579 /* FeedController.swift in Sources */ = {isa = PBXBuildFile; fileRef = 2B7608DF2568F25A0007C579 /* FeedController.swift */; };
		2B7608E32568F26B0007C579 /* SearchController.swift in Sources */ = {isa = PBXBuildFile; fileRef = 2B7608E22568F26B0007C579 /* SearchController.swift */; };
		2B7608E62568F27D0007C579 /* ImageSelectorController.swift in Sources */ = {isa = PBXBuildFile; fileRef = 2B7608E52568F27D0007C579 /* ImageSelectorController.swift */; };
		2B7608E92568F2970007C579 /* NotificationsController.swift in Sources */ = {isa = PBXBuildFile; fileRef = 2B7608E82568F2970007C579 /* NotificationsController.swift */; };
		2B7608EC2568F2A30007C579 /* ProfileController.swift in Sources */ = {isa = PBXBuildFile; fileRef = 2B7608EB2568F2A30007C579 /* ProfileController.swift */; };
		2B7608F2256949200007C579 /* CustomTabBar.swift in Sources */ = {isa = PBXBuildFile; fileRef = 2B7608F1256949200007C579 /* CustomTabBar.swift */; };
		2B7608F5256963B30007C579 /* FeedCell.swift in Sources */ = {isa = PBXBuildFile; fileRef = 2B7608F4256963B30007C579 /* FeedCell.swift */; };
		2B7608F8256964720007C579 /* UIView + Extensions.swift in Sources */ = {isa = PBXBuildFile; fileRef = 2B7608F7256964720007C579 /* UIView + Extensions.swift */; };
		2B7608FD256A39820007C579 /* LoginController.swift in Sources */ = {isa = PBXBuildFile; fileRef = 2B7608FC256A39820007C579 /* LoginController.swift */; };
		2B760900256A39900007C579 /* RegistrationController.swift in Sources */ = {isa = PBXBuildFile; fileRef = 2B7608FF256A39900007C579 /* RegistrationController.swift */; };
		2B760903256A44990007C579 /* UITextField + Extensions.swift in Sources */ = {isa = PBXBuildFile; fileRef = 2B760902256A44990007C579 /* UITextField + Extensions.swift */; };
		2B760908256A6E020007C579 /* CustomTextField.swift in Sources */ = {isa = PBXBuildFile; fileRef = 2B760907256A6E020007C579 /* CustomTextField.swift */; };
		2B76090B256A703F0007C579 /* UIButton + Extensions.swift in Sources */ = {isa = PBXBuildFile; fileRef = 2B76090A256A703F0007C579 /* UIButton + Extensions.swift */; };
		2B76090E256AAAEA0007C579 /* AuthenticationViewModel.swift in Sources */ = {isa = PBXBuildFile; fileRef = 2B76090D256AAAEA0007C579 /* AuthenticationViewModel.swift */; };
		2B760918256C365C0007C579 /* GoogleService-Info.plist in Resources */ = {isa = PBXBuildFile; fileRef = 2B760917256C365C0007C579 /* GoogleService-Info.plist */; };
		2B76093B256CED8F0007C579 /* AuthService.swift in Sources */ = {isa = PBXBuildFile; fileRef = 2B76093A256CED8F0007C579 /* AuthService.swift */; };
		2B76093E256CEDA10007C579 /* ImageUploader.swift in Sources */ = {isa = PBXBuildFile; fileRef = 2B76093D256CEDA10007C579 /* ImageUploader.swift */; };
		2B760941256FDF200007C579 /* Reachability.swift in Sources */ = {isa = PBXBuildFile; fileRef = 2B760940256FDF1F0007C579 /* Reachability.swift */; };
		2B760964256FE44B0007C579 /* UIViewController + Extensions.swift in Sources */ = {isa = PBXBuildFile; fileRef = 2B760963256FE44B0007C579 /* UIViewController + Extensions.swift */; };
		2BAE3AD325965EB30019D4A8 /* CommentService.swift in Sources */ = {isa = PBXBuildFile; fileRef = 2BAE3AD225965EB30019D4A8 /* CommentService.swift */; };
		2BAE3AD62596622C0019D4A8 /* LoginManager.swift in Sources */ = {isa = PBXBuildFile; fileRef = 2BAE3AD52596622C0019D4A8 /* LoginManager.swift */; };
		2BAE3AD9259770700019D4A8 /* Comment.swift in Sources */ = {isa = PBXBuildFile; fileRef = 2BAE3AD8259770700019D4A8 /* Comment.swift */; };
		2BAE3ADC2598791E0019D4A8 /* CommentViewModel.swift in Sources */ = {isa = PBXBuildFile; fileRef = 2BAE3ADB2598791E0019D4A8 /* CommentViewModel.swift */; };
		2BAE3ADF259893350019D4A8 /* NSMutableAttributedString + Extensions.swift in Sources */ = {isa = PBXBuildFile; fileRef = 2BAE3ADE259893350019D4A8 /* NSMutableAttributedString + Extensions.swift */; };
		2BAE3AE2259C50C80019D4A8 /* NotificationCell.swift in Sources */ = {isa = PBXBuildFile; fileRef = 2BAE3AE1259C50C80019D4A8 /* NotificationCell.swift */; };
		2BAE3AE5259C93440019D4A8 /* Notification.swift in Sources */ = {isa = PBXBuildFile; fileRef = 2BAE3AE4259C93440019D4A8 /* Notification.swift */; };
		2BAE3AE8259C957E0019D4A8 /* NotificationService.swift in Sources */ = {isa = PBXBuildFile; fileRef = 2BAE3AE7259C957E0019D4A8 /* NotificationService.swift */; };
		2BAE3AEB259CA3B00019D4A8 /* NotificationViewModel.swift in Sources */ = {isa = PBXBuildFile; fileRef = 2BAE3AEA259CA3B00019D4A8 /* NotificationViewModel.swift */; };
		2BB6C9282571701D00292090 /* AuthErrorCode + Extensions.swift in Sources */ = {isa = PBXBuildFile; fileRef = 2BB6C9272571701D00292090 /* AuthErrorCode + Extensions.swift */; };
		2BB6C92B2572403800292090 /* ProfileCell.swift in Sources */ = {isa = PBXBuildFile; fileRef = 2BB6C92A2572403800292090 /* ProfileCell.swift */; };
		2BC9ABD7257250770074C890 /* ProfileHeader.swift in Sources */ = {isa = PBXBuildFile; fileRef = 2BB6C92D2572404600292090 /* ProfileHeader.swift */; };
		2BC9AC1F257394FE0074C890 /* UserService.swift in Sources */ = {isa = PBXBuildFile; fileRef = 2BC9AC1E257394FD0074C890 /* UserService.swift */; };
		2BC9AC222574D5950074C890 /* Constants.swift in Sources */ = {isa = PBXBuildFile; fileRef = 2BC9AC212574D5950074C890 /* Constants.swift */; };
		2BC9AC252574D7990074C890 /* User.swift in Sources */ = {isa = PBXBuildFile; fileRef = 2BC9AC242574D7990074C890 /* User.swift */; };
		2BC9AC282574F40E0074C890 /* ProfileHeaderViewModel.swift in Sources */ = {isa = PBXBuildFile; fileRef = 2BC9AC272574F40D0074C890 /* ProfileHeaderViewModel.swift */; };
		2BC9AC2B2575074C0074C890 /* UserCell.swift in Sources */ = {isa = PBXBuildFile; fileRef = 2BC9AC2A2575074C0074C890 /* UserCell.swift */; };
		2BC9AC2F257566CC0074C890 /* UserCellViewModel.swift in Sources */ = {isa = PBXBuildFile; fileRef = 2BC9AC2E257566CC0074C890 /* UserCellViewModel.swift */; };
		2BE3608B258BBDB600449F2B /* CommentsController.swift in Sources */ = {isa = PBXBuildFile; fileRef = 2BE3608A258BBDB600449F2B /* CommentsController.swift */; };
		2BE3608F258BBE9500449F2B /* CommentCell.swift in Sources */ = {isa = PBXBuildFile; fileRef = 2BE3608E258BBE9500449F2B /* CommentCell.swift */; };
		2BE36092258F1E1C00449F2B /* CommentInputAccessoryView.swift in Sources */ = {isa = PBXBuildFile; fileRef = 2BE36091258F1E1C00449F2B /* CommentInputAccessoryView.swift */; };
		B06BB9ED342EFC910E0B0201 /* Pods_InstagramFirestore.framework in Frameworks */ = {isa = PBXBuildFile; fileRef = E02C8EC01C7DFA6BC3C6F6AF /* Pods_InstagramFirestore.framework */; };
/* End PBXBuildFile section */

/* Begin PBXFileReference section */
		0B1CE894AEBB94F4EBDB0F7F /* Pods-InstagramFirestore.debug.xcconfig */ = {isa = PBXFileReference; includeInIndex = 1; lastKnownFileType = text.xcconfig; name = "Pods-InstagramFirestore.debug.xcconfig"; path = "Target Support Files/Pods-InstagramFirestore/Pods-InstagramFirestore.debug.xcconfig"; sourceTree = "<group>"; };
		2B72FB9F257FE9E600D64C4B /* UploadPostController.swift */ = {isa = PBXFileReference; lastKnownFileType = sourcecode.swift; path = UploadPostController.swift; sourceTree = "<group>"; };
		2B72FBA2257FF6A100D64C4B /* CustomTextView.swift */ = {isa = PBXFileReference; lastKnownFileType = sourcecode.swift; path = CustomTextView.swift; sourceTree = "<group>"; };
		2B72FBA52581442200D64C4B /* PostService.swift */ = {isa = PBXFileReference; lastKnownFileType = sourcecode.swift; path = PostService.swift; sourceTree = "<group>"; };
		2B72FBA82584A41200D64C4B /* Post.swift */ = {isa = PBXFileReference; lastKnownFileType = sourcecode.swift; path = Post.swift; sourceTree = "<group>"; };
		2B72FBAB2584ABE900D64C4B /* PostViewModel.swift */ = {isa = PBXFileReference; lastKnownFileType = sourcecode.swift; path = PostViewModel.swift; sourceTree = "<group>"; };
		2B7608BB2568EE100007C579 /* InstagramFirestore.app */ = {isa = PBXFileReference; explicitFileType = wrapper.application; includeInIndex = 0; path = InstagramFirestore.app; sourceTree = BUILT_PRODUCTS_DIR; };
		2B7608BE2568EE100007C579 /* AppDelegate.swift */ = {isa = PBXFileReference; lastKnownFileType = sourcecode.swift; path = AppDelegate.swift; sourceTree = "<group>"; };
		2B7608C02568EE100007C579 /* SceneDelegate.swift */ = {isa = PBXFileReference; lastKnownFileType = sourcecode.swift; path = SceneDelegate.swift; sourceTree = "<group>"; };
		2B7608C72568EE140007C579 /* Assets.xcassets */ = {isa = PBXFileReference; lastKnownFileType = folder.assetcatalog; path = Assets.xcassets; sourceTree = "<group>"; };
		2B7608CA2568EE140007C579 /* Base */ = {isa = PBXFileReference; lastKnownFileType = file.storyboard; name = Base; path = Base.lproj/LaunchScreen.storyboard; sourceTree = "<group>"; };
		2B7608CC2568EE140007C579 /* Info.plist */ = {isa = PBXFileReference; lastKnownFileType = text.plist.xml; path = Info.plist; sourceTree = "<group>"; };
		2B7608DB2568EF050007C579 /* MainTabController.swift */ = {isa = PBXFileReference; lastKnownFileType = sourcecode.swift; path = MainTabController.swift; sourceTree = "<group>"; };
		2B7608DF2568F25A0007C579 /* FeedController.swift */ = {isa = PBXFileReference; lastKnownFileType = sourcecode.swift; path = FeedController.swift; sourceTree = "<group>"; };
		2B7608E22568F26B0007C579 /* SearchController.swift */ = {isa = PBXFileReference; lastKnownFileType = sourcecode.swift; path = SearchController.swift; sourceTree = "<group>"; };
		2B7608E52568F27D0007C579 /* ImageSelectorController.swift */ = {isa = PBXFileReference; lastKnownFileType = sourcecode.swift; path = ImageSelectorController.swift; sourceTree = "<group>"; };
		2B7608E82568F2970007C579 /* NotificationsController.swift */ = {isa = PBXFileReference; lastKnownFileType = sourcecode.swift; path = NotificationsController.swift; sourceTree = "<group>"; };
		2B7608EB2568F2A30007C579 /* ProfileController.swift */ = {isa = PBXFileReference; lastKnownFileType = sourcecode.swift; path = ProfileController.swift; sourceTree = "<group>"; };
		2B7608F1256949200007C579 /* CustomTabBar.swift */ = {isa = PBXFileReference; lastKnownFileType = sourcecode.swift; path = CustomTabBar.swift; sourceTree = "<group>"; };
		2B7608F4256963B30007C579 /* FeedCell.swift */ = {isa = PBXFileReference; lastKnownFileType = sourcecode.swift; path = FeedCell.swift; sourceTree = "<group>"; };
		2B7608F7256964720007C579 /* UIView + Extensions.swift */ = {isa = PBXFileReference; lastKnownFileType = sourcecode.swift; path = "UIView + Extensions.swift"; sourceTree = "<group>"; };
		2B7608FC256A39820007C579 /* LoginController.swift */ = {isa = PBXFileReference; lastKnownFileType = sourcecode.swift; path = LoginController.swift; sourceTree = "<group>"; };
		2B7608FF256A39900007C579 /* RegistrationController.swift */ = {isa = PBXFileReference; lastKnownFileType = sourcecode.swift; path = RegistrationController.swift; sourceTree = "<group>"; };
		2B760902256A44990007C579 /* UITextField + Extensions.swift */ = {isa = PBXFileReference; lastKnownFileType = sourcecode.swift; path = "UITextField + Extensions.swift"; sourceTree = "<group>"; };
		2B760907256A6E020007C579 /* CustomTextField.swift */ = {isa = PBXFileReference; lastKnownFileType = sourcecode.swift; path = CustomTextField.swift; sourceTree = "<group>"; };
		2B76090A256A703F0007C579 /* UIButton + Extensions.swift */ = {isa = PBXFileReference; lastKnownFileType = sourcecode.swift; path = "UIButton + Extensions.swift"; sourceTree = "<group>"; };
		2B76090D256AAAEA0007C579 /* AuthenticationViewModel.swift */ = {isa = PBXFileReference; lastKnownFileType = sourcecode.swift; path = AuthenticationViewModel.swift; sourceTree = "<group>"; };
		2B760917256C365C0007C579 /* GoogleService-Info.plist */ = {isa = PBXFileReference; fileEncoding = 4; lastKnownFileType = text.plist.xml; path = "GoogleService-Info.plist"; sourceTree = "<group>"; };
		2B76093A256CED8F0007C579 /* AuthService.swift */ = {isa = PBXFileReference; lastKnownFileType = sourcecode.swift; path = AuthService.swift; sourceTree = "<group>"; };
		2B76093D256CEDA10007C579 /* ImageUploader.swift */ = {isa = PBXFileReference; lastKnownFileType = sourcecode.swift; path = ImageUploader.swift; sourceTree = "<group>"; };
		2B760940256FDF1F0007C579 /* Reachability.swift */ = {isa = PBXFileReference; lastKnownFileType = sourcecode.swift; path = Reachability.swift; sourceTree = "<group>"; };
		2B760963256FE44B0007C579 /* UIViewController + Extensions.swift */ = {isa = PBXFileReference; lastKnownFileType = sourcecode.swift; path = "UIViewController + Extensions.swift"; sourceTree = "<group>"; };
		2BAE3AD225965EB30019D4A8 /* CommentService.swift */ = {isa = PBXFileReference; lastKnownFileType = sourcecode.swift; path = CommentService.swift; sourceTree = "<group>"; };
		2BAE3AD52596622C0019D4A8 /* LoginManager.swift */ = {isa = PBXFileReference; lastKnownFileType = sourcecode.swift; path = LoginManager.swift; sourceTree = "<group>"; };
		2BAE3AD8259770700019D4A8 /* Comment.swift */ = {isa = PBXFileReference; lastKnownFileType = sourcecode.swift; path = Comment.swift; sourceTree = "<group>"; };
		2BAE3ADB2598791E0019D4A8 /* CommentViewModel.swift */ = {isa = PBXFileReference; lastKnownFileType = sourcecode.swift; path = CommentViewModel.swift; sourceTree = "<group>"; };
		2BAE3ADE259893350019D4A8 /* NSMutableAttributedString + Extensions.swift */ = {isa = PBXFileReference; lastKnownFileType = sourcecode.swift; path = "NSMutableAttributedString + Extensions.swift"; sourceTree = "<group>"; };
		2BAE3AE1259C50C80019D4A8 /* NotificationCell.swift */ = {isa = PBXFileReference; lastKnownFileType = sourcecode.swift; path = NotificationCell.swift; sourceTree = "<group>"; };
		2BAE3AE4259C93440019D4A8 /* Notification.swift */ = {isa = PBXFileReference; lastKnownFileType = sourcecode.swift; path = Notification.swift; sourceTree = "<group>"; };
		2BAE3AE7259C957E0019D4A8 /* NotificationService.swift */ = {isa = PBXFileReference; lastKnownFileType = sourcecode.swift; path = NotificationService.swift; sourceTree = "<group>"; };
		2BAE3AEA259CA3B00019D4A8 /* NotificationViewModel.swift */ = {isa = PBXFileReference; lastKnownFileType = sourcecode.swift; path = NotificationViewModel.swift; sourceTree = "<group>"; };
		2BB6C9272571701D00292090 /* AuthErrorCode + Extensions.swift */ = {isa = PBXFileReference; lastKnownFileType = sourcecode.swift; path = "AuthErrorCode + Extensions.swift"; sourceTree = "<group>"; };
		2BB6C92A2572403800292090 /* ProfileCell.swift */ = {isa = PBXFileReference; lastKnownFileType = sourcecode.swift; path = ProfileCell.swift; sourceTree = "<group>"; };
		2BB6C92D2572404600292090 /* ProfileHeader.swift */ = {isa = PBXFileReference; lastKnownFileType = sourcecode.swift; path = ProfileHeader.swift; sourceTree = "<group>"; };
		2BC9AC1E257394FD0074C890 /* UserService.swift */ = {isa = PBXFileReference; lastKnownFileType = sourcecode.swift; path = UserService.swift; sourceTree = "<group>"; };
		2BC9AC212574D5950074C890 /* Constants.swift */ = {isa = PBXFileReference; lastKnownFileType = sourcecode.swift; path = Constants.swift; sourceTree = "<group>"; };
		2BC9AC242574D7990074C890 /* User.swift */ = {isa = PBXFileReference; lastKnownFileType = sourcecode.swift; path = User.swift; sourceTree = "<group>"; };
		2BC9AC272574F40D0074C890 /* ProfileHeaderViewModel.swift */ = {isa = PBXFileReference; lastKnownFileType = sourcecode.swift; path = ProfileHeaderViewModel.swift; sourceTree = "<group>"; };
		2BC9AC2A2575074C0074C890 /* UserCell.swift */ = {isa = PBXFileReference; lastKnownFileType = sourcecode.swift; path = UserCell.swift; sourceTree = "<group>"; };
		2BC9AC2E257566CC0074C890 /* UserCellViewModel.swift */ = {isa = PBXFileReference; lastKnownFileType = sourcecode.swift; path = UserCellViewModel.swift; sourceTree = "<group>"; };
		2BE3608A258BBDB600449F2B /* CommentsController.swift */ = {isa = PBXFileReference; lastKnownFileType = sourcecode.swift; path = CommentsController.swift; sourceTree = "<group>"; };
		2BE3608E258BBE9500449F2B /* CommentCell.swift */ = {isa = PBXFileReference; lastKnownFileType = sourcecode.swift; path = CommentCell.swift; sourceTree = "<group>"; };
		2BE36091258F1E1C00449F2B /* CommentInputAccessoryView.swift */ = {isa = PBXFileReference; lastKnownFileType = sourcecode.swift; path = CommentInputAccessoryView.swift; sourceTree = "<group>"; };
		9E95E6B22A1A80FCEF0FC0B2 /* Pods-InstagramFirestore.release.xcconfig */ = {isa = PBXFileReference; includeInIndex = 1; lastKnownFileType = text.xcconfig; name = "Pods-InstagramFirestore.release.xcconfig"; path = "Target Support Files/Pods-InstagramFirestore/Pods-InstagramFirestore.release.xcconfig"; sourceTree = "<group>"; };
		E02C8EC01C7DFA6BC3C6F6AF /* Pods_InstagramFirestore.framework */ = {isa = PBXFileReference; explicitFileType = wrapper.framework; includeInIndex = 0; path = Pods_InstagramFirestore.framework; sourceTree = BUILT_PRODUCTS_DIR; };
/* End PBXFileReference section */

/* Begin PBXFrameworksBuildPhase section */
		2B7608B82568EE100007C579 /* Frameworks */ = {
			isa = PBXFrameworksBuildPhase;
			buildActionMask = 2147483647;
			files = (
				B06BB9ED342EFC910E0B0201 /* Pods_InstagramFirestore.framework in Frameworks */,
			);
			runOnlyForDeploymentPostprocessing = 0;
		};
/* End PBXFrameworksBuildPhase section */

/* Begin PBXGroup section */
		2B7608B22568EE100007C579 = {
			isa = PBXGroup;
			children = (
				2B7608BD2568EE100007C579 /* InstagramFirestore */,
				2B7608BC2568EE100007C579 /* Products */,
				B9E3339F1AB8AA5DF4D250FD /* Pods */,
				570F7150A05644EB00AF1EAE /* Frameworks */,
			);
			sourceTree = "<group>";
		};
		2B7608BC2568EE100007C579 /* Products */ = {
			isa = PBXGroup;
			children = (
				2B7608BB2568EE100007C579 /* InstagramFirestore.app */,
			);
			name = Products;
			sourceTree = "<group>";
		};
		2B7608BD2568EE100007C579 /* InstagramFirestore */ = {
			isa = PBXGroup;
			children = (
				2B7608DA2568EE870007C579 /* Model */,
				2B7608D92568EE850007C579 /* View */,
				2B7608D82568EE820007C579 /* View Model */,
				2B7608D72568EE740007C579 /* Controller */,
				2B7608D62568EE720007C579 /* API */,
				2B7608D32568EE5B0007C579 /* Utils */,
				2B7608BE2568EE100007C579 /* AppDelegate.swift */,
				2B7608C02568EE100007C579 /* SceneDelegate.swift */,
				2B7608C72568EE140007C579 /* Assets.xcassets */,
				2B7608C92568EE140007C579 /* LaunchScreen.storyboard */,
				2B7608CC2568EE140007C579 /* Info.plist */,
				2B760917256C365C0007C579 /* GoogleService-Info.plist */,
			);
			path = InstagramFirestore;
			sourceTree = "<group>";
		};
		2B7608D32568EE5B0007C579 /* Utils */ = {
			isa = PBXGroup;
			children = (
				2B7608F1256949200007C579 /* CustomTabBar.swift */,
				2B7608F7256964720007C579 /* UIView + Extensions.swift */,
				2B760902256A44990007C579 /* UITextField + Extensions.swift */,
				2B76090A256A703F0007C579 /* UIButton + Extensions.swift */,
				2B760940256FDF1F0007C579 /* Reachability.swift */,
				2B760963256FE44B0007C579 /* UIViewController + Extensions.swift */,
				2BB6C9272571701D00292090 /* AuthErrorCode + Extensions.swift */,
				2BC9AC212574D5950074C890 /* Constants.swift */,
				2BAE3AD52596622C0019D4A8 /* LoginManager.swift */,
				2BAE3ADE259893350019D4A8 /* NSMutableAttributedString + Extensions.swift */,
			);
			path = Utils;
			sourceTree = "<group>";
		};
		2B7608D62568EE720007C579 /* API */ = {
			isa = PBXGroup;
			children = (
				2B76093A256CED8F0007C579 /* AuthService.swift */,
				2B76093D256CEDA10007C579 /* ImageUploader.swift */,
				2BC9AC1E257394FD0074C890 /* UserService.swift */,
				2B72FBA52581442200D64C4B /* PostService.swift */,
				2BAE3AD225965EB30019D4A8 /* CommentService.swift */,
				2BAE3AE7259C957E0019D4A8 /* NotificationService.swift */,
			);
			path = API;
			sourceTree = "<group>";
		};
		2B7608D72568EE740007C579 /* Controller */ = {
			isa = PBXGroup;
			children = (
				2B7608FB256A396D0007C579 /* Authentication */,
				2B7608DB2568EF050007C579 /* MainTabController.swift */,
				2B7608DF2568F25A0007C579 /* FeedController.swift */,
				2B7608E22568F26B0007C579 /* SearchController.swift */,
				2B7608E52568F27D0007C579 /* ImageSelectorController.swift */,
				2B7608E82568F2970007C579 /* NotificationsController.swift */,
				2B7608EB2568F2A30007C579 /* ProfileController.swift */,
				2B72FB9F257FE9E600D64C4B /* UploadPostController.swift */,
				2BE3608A258BBDB600449F2B /* CommentsController.swift */,
			);
			path = Controller;
			sourceTree = "<group>";
		};
		2B7608D82568EE820007C579 /* View Model */ = {
			isa = PBXGroup;
			children = (
				2B76090D256AAAEA0007C579 /* AuthenticationViewModel.swift */,
				2BC9AC272574F40D0074C890 /* ProfileHeaderViewModel.swift */,
				2BC9AC2E257566CC0074C890 /* UserCellViewModel.swift */,
				2B72FBAB2584ABE900D64C4B /* PostViewModel.swift */,
				2BAE3ADB2598791E0019D4A8 /* CommentViewModel.swift */,
				2BAE3AEA259CA3B00019D4A8 /* NotificationViewModel.swift */,
			);
			path = "View Model";
			sourceTree = "<group>";
		};
		2B7608D92568EE850007C579 /* View */ = {
			isa = PBXGroup;
			children = (
				2BB6C9332572406700292090 /* Feed */,
				2BB6C9302572405000292090 /* Profile */,
				2BC9AC2A2575074C0074C890 /* UserCell.swift */,
				2B760907256A6E020007C579 /* CustomTextField.swift */,
				2B72FBA2257FF6A100D64C4B /* CustomTextView.swift */,
				2BE3608E258BBE9500449F2B /* CommentCell.swift */,
				2BE36091258F1E1C00449F2B /* CommentInputAccessoryView.swift */,
				2BAE3AE1259C50C80019D4A8 /* NotificationCell.swift */,
			);
			path = View;
			sourceTree = "<group>";
		};
		2B7608DA2568EE870007C579 /* Model */ = {
			isa = PBXGroup;
			children = (
				2BC9AC242574D7990074C890 /* User.swift */,
				2B72FBA82584A41200D64C4B /* Post.swift */,
				2BAE3AD8259770700019D4A8 /* Comment.swift */,
				2BAE3AE4259C93440019D4A8 /* Notification.swift */,
			);
			path = Model;
			sourceTree = "<group>";
		};
		2B7608FB256A396D0007C579 /* Authentication */ = {
			isa = PBXGroup;
			children = (
				2B7608FC256A39820007C579 /* LoginController.swift */,
				2B7608FF256A39900007C579 /* RegistrationController.swift */,
			);
			path = Authentication;
			sourceTree = "<group>";
		};
		2BB6C9302572405000292090 /* Profile */ = {
			isa = PBXGroup;
			children = (
				2BB6C92A2572403800292090 /* ProfileCell.swift */,
				2BB6C92D2572404600292090 /* ProfileHeader.swift */,
			);
			path = Profile;
			sourceTree = "<group>";
		};
		2BB6C9332572406700292090 /* Feed */ = {
			isa = PBXGroup;
			children = (
				2B7608F4256963B30007C579 /* FeedCell.swift */,
			);
			path = Feed;
			sourceTree = "<group>";
		};
		570F7150A05644EB00AF1EAE /* Frameworks */ = {
			isa = PBXGroup;
			children = (
				E02C8EC01C7DFA6BC3C6F6AF /* Pods_InstagramFirestore.framework */,
			);
			name = Frameworks;
			sourceTree = "<group>";
		};
		B9E3339F1AB8AA5DF4D250FD /* Pods */ = {
			isa = PBXGroup;
			children = (
				0B1CE894AEBB94F4EBDB0F7F /* Pods-InstagramFirestore.debug.xcconfig */,
				9E95E6B22A1A80FCEF0FC0B2 /* Pods-InstagramFirestore.release.xcconfig */,
			);
			path = Pods;
			sourceTree = "<group>";
		};
/* End PBXGroup section */

/* Begin PBXNativeTarget section */
		2B7608BA2568EE100007C579 /* InstagramFirestore */ = {
			isa = PBXNativeTarget;
			buildConfigurationList = 2B7608CF2568EE140007C579 /* Build configuration list for PBXNativeTarget "InstagramFirestore" */;
			buildPhases = (
				E1BD6FEF210156A6F9DC632A /* [CP] Check Pods Manifest.lock */,
				2B7608B72568EE100007C579 /* Sources */,
				2B7608B82568EE100007C579 /* Frameworks */,
				2B7608B92568EE100007C579 /* Resources */,
				21B3EE1081B60AE624A02726 /* [CP] Embed Pods Frameworks */,
			);
			buildRules = (
			);
			dependencies = (
			);
			name = InstagramFirestore;
			productName = InstagramFirestore;
			productReference = 2B7608BB2568EE100007C579 /* InstagramFirestore.app */;
			productType = "com.apple.product-type.application";
		};
/* End PBXNativeTarget section */

/* Begin PBXProject section */
		2B7608B32568EE100007C579 /* Project object */ = {
			isa = PBXProject;
			attributes = {
				LastSwiftUpdateCheck = 1220;
				LastUpgradeCheck = 1220;
				TargetAttributes = {
					2B7608BA2568EE100007C579 = {
						CreatedOnToolsVersion = 12.2;
					};
				};
			};
			buildConfigurationList = 2B7608B62568EE100007C579 /* Build configuration list for PBXProject "InstagramFirestore" */;
			compatibilityVersion = "Xcode 9.3";
			developmentRegion = en;
			hasScannedForEncodings = 0;
			knownRegions = (
				en,
				Base,
			);
			mainGroup = 2B7608B22568EE100007C579;
			productRefGroup = 2B7608BC2568EE100007C579 /* Products */;
			projectDirPath = "";
			projectRoot = "";
			targets = (
				2B7608BA2568EE100007C579 /* InstagramFirestore */,
			);
		};
/* End PBXProject section */

/* Begin PBXResourcesBuildPhase section */
		2B7608B92568EE100007C579 /* Resources */ = {
			isa = PBXResourcesBuildPhase;
			buildActionMask = 2147483647;
			files = (
				2B760918256C365C0007C579 /* GoogleService-Info.plist in Resources */,
				2B7608CB2568EE140007C579 /* LaunchScreen.storyboard in Resources */,
				2B7608C82568EE140007C579 /* Assets.xcassets in Resources */,
			);
			runOnlyForDeploymentPostprocessing = 0;
		};
/* End PBXResourcesBuildPhase section */

/* Begin PBXShellScriptBuildPhase section */
		21B3EE1081B60AE624A02726 /* [CP] Embed Pods Frameworks */ = {
			isa = PBXShellScriptBuildPhase;
			buildActionMask = 2147483647;
			files = (
			);
			inputFileListPaths = (
				"${PODS_ROOT}/Target Support Files/Pods-InstagramFirestore/Pods-InstagramFirestore-frameworks-${CONFIGURATION}-input-files.xcfilelist",
			);
			name = "[CP] Embed Pods Frameworks";
			outputFileListPaths = (
				"${PODS_ROOT}/Target Support Files/Pods-InstagramFirestore/Pods-InstagramFirestore-frameworks-${CONFIGURATION}-output-files.xcfilelist",
			);
			runOnlyForDeploymentPostprocessing = 0;
			shellPath = /bin/sh;
			shellScript = "\"${PODS_ROOT}/Target Support Files/Pods-InstagramFirestore/Pods-InstagramFirestore-frameworks.sh\"\n";
			showEnvVarsInLog = 0;
		};
		E1BD6FEF210156A6F9DC632A /* [CP] Check Pods Manifest.lock */ = {
			isa = PBXShellScriptBuildPhase;
			buildActionMask = 2147483647;
			files = (
			);
			inputFileListPaths = (
			);
			inputPaths = (
				"${PODS_PODFILE_DIR_PATH}/Podfile.lock",
				"${PODS_ROOT}/Manifest.lock",
			);
			name = "[CP] Check Pods Manifest.lock";
			outputFileListPaths = (
			);
			outputPaths = (
				"$(DERIVED_FILE_DIR)/Pods-InstagramFirestore-checkManifestLockResult.txt",
			);
			runOnlyForDeploymentPostprocessing = 0;
			shellPath = /bin/sh;
			shellScript = "diff \"${PODS_PODFILE_DIR_PATH}/Podfile.lock\" \"${PODS_ROOT}/Manifest.lock\" > /dev/null\nif [ $? != 0 ] ; then\n    # print error to STDERR\n    echo \"error: The sandbox is not in sync with the Podfile.lock. Run 'pod install' or update your CocoaPods installation.\" >&2\n    exit 1\nfi\n# This output is used by Xcode 'outputs' to avoid re-running this script phase.\necho \"SUCCESS\" > \"${SCRIPT_OUTPUT_FILE_0}\"\n";
			showEnvVarsInLog = 0;
		};
/* End PBXShellScriptBuildPhase section */

/* Begin PBXSourcesBuildPhase section */
		2B7608B72568EE100007C579 /* Sources */ = {
			isa = PBXSourcesBuildPhase;
			buildActionMask = 2147483647;
			files = (
				2BB6C9282571701D00292090 /* AuthErrorCode + Extensions.swift in Sources */,
				2B7608E62568F27D0007C579 /* ImageSelectorController.swift in Sources */,
				2B760903256A44990007C579 /* UITextField + Extensions.swift in Sources */,
				2BB6C92B2572403800292090 /* ProfileCell.swift in Sources */,
				2BAE3ADF259893350019D4A8 /* NSMutableAttributedString + Extensions.swift in Sources */,
				2B72FBA0257FE9E600D64C4B /* UploadPostController.swift in Sources */,
				2B72FBA3257FF6A100D64C4B /* CustomTextView.swift in Sources */,
				2BC9AC2F257566CC0074C890 /* UserCellViewModel.swift in Sources */,
				2BC9AC282574F40E0074C890 /* ProfileHeaderViewModel.swift in Sources */,
				2BAE3AEB259CA3B00019D4A8 /* NotificationViewModel.swift in Sources */,
				2BAE3AD9259770700019D4A8 /* Comment.swift in Sources */,
				2BE3608F258BBE9500449F2B /* CommentCell.swift in Sources */,
				2BAE3AE5259C93440019D4A8 /* Notification.swift in Sources */,
				2B7608FD256A39820007C579 /* LoginController.swift in Sources */,
				2BAE3AE2259C50C80019D4A8 /* NotificationCell.swift in Sources */,
				2BC9AC1F257394FE0074C890 /* UserService.swift in Sources */,
				2BAE3ADC2598791E0019D4A8 /* CommentViewModel.swift in Sources */,
				2BC9AC2B2575074C0074C890 /* UserCell.swift in Sources */,
				2BE36092258F1E1C00449F2B /* CommentInputAccessoryView.swift in Sources */,
				2BE3608B258BBDB600449F2B /* CommentsController.swift in Sources */,
				2B76093B256CED8F0007C579 /* AuthService.swift in Sources */,
				2B76093E256CEDA10007C579 /* ImageUploader.swift in Sources */,
				2B7608F5256963B30007C579 /* FeedCell.swift in Sources */,
				2BC9ABD7257250770074C890 /* ProfileHeader.swift in Sources */,
				2B7608E32568F26B0007C579 /* SearchController.swift in Sources */,
				2BAE3AD325965EB30019D4A8 /* CommentService.swift in Sources */,
				2B7608BF2568EE100007C579 /* AppDelegate.swift in Sources */,
				2B7608E02568F25A0007C579 /* FeedController.swift in Sources */,
				2B72FBA92584A41200D64C4B /* Post.swift in Sources */,
				2B7608F2256949200007C579 /* CustomTabBar.swift in Sources */,
				2B760964256FE44B0007C579 /* UIViewController + Extensions.swift in Sources */,
				2BAE3AD62596622C0019D4A8 /* LoginManager.swift in Sources */,
				2B7608EC2568F2A30007C579 /* ProfileController.swift in Sources */,
				2B7608DC2568EF050007C579 /* MainTabController.swift in Sources */,
				2B72FBAC2584ABE900D64C4B /* PostViewModel.swift in Sources */,
				2B76090E256AAAEA0007C579 /* AuthenticationViewModel.swift in Sources */,
				2B7608E92568F2970007C579 /* NotificationsController.swift in Sources */,
				2B72FBA62581442200D64C4B /* PostService.swift in Sources */,
				2BC9AC252574D7990074C890 /* User.swift in Sources */,
				2B76090B256A703F0007C579 /* UIButton + Extensions.swift in Sources */,
				2B7608F8256964720007C579 /* UIView + Extensions.swift in Sources */,
				2B7608C12568EE100007C579 /* SceneDelegate.swift in Sources */,
				2B760900256A39900007C579 /* RegistrationController.swift in Sources */,
				2BAE3AE8259C957E0019D4A8 /* NotificationService.swift in Sources */,
				2B760941256FDF200007C579 /* Reachability.swift in Sources */,
				2B760908256A6E020007C579 /* CustomTextField.swift in Sources */,
				2BC9AC222574D5950074C890 /* Constants.swift in Sources */,
			);
			runOnlyForDeploymentPostprocessing = 0;
		};
/* End PBXSourcesBuildPhase section */

/* Begin PBXVariantGroup section */
		2B7608C92568EE140007C579 /* LaunchScreen.storyboard */ = {
			isa = PBXVariantGroup;
			children = (
				2B7608CA2568EE140007C579 /* Base */,
			);
			name = LaunchScreen.storyboard;
			sourceTree = "<group>";
		};
/* End PBXVariantGroup section */

/* Begin XCBuildConfiguration section */
		2B7608CD2568EE140007C579 /* Debug */ = {
			isa = XCBuildConfiguration;
			buildSettings = {
				ALWAYS_SEARCH_USER_PATHS = NO;
				CLANG_ANALYZER_NONNULL = YES;
				CLANG_ANALYZER_NUMBER_OBJECT_CONVERSION = YES_AGGRESSIVE;
				CLANG_CXX_LANGUAGE_STANDARD = "gnu++14";
				CLANG_CXX_LIBRARY = "libc++";
				CLANG_ENABLE_MODULES = YES;
				CLANG_ENABLE_OBJC_ARC = YES;
				CLANG_ENABLE_OBJC_WEAK = YES;
				CLANG_WARN_BLOCK_CAPTURE_AUTORELEASING = YES;
				CLANG_WARN_BOOL_CONVERSION = YES;
				CLANG_WARN_COMMA = YES;
				CLANG_WARN_CONSTANT_CONVERSION = YES;
				CLANG_WARN_DEPRECATED_OBJC_IMPLEMENTATIONS = YES;
				CLANG_WARN_DIRECT_OBJC_ISA_USAGE = YES_ERROR;
				CLANG_WARN_DOCUMENTATION_COMMENTS = YES;
				CLANG_WARN_EMPTY_BODY = YES;
				CLANG_WARN_ENUM_CONVERSION = YES;
				CLANG_WARN_INFINITE_RECURSION = YES;
				CLANG_WARN_INT_CONVERSION = YES;
				CLANG_WARN_NON_LITERAL_NULL_CONVERSION = YES;
				CLANG_WARN_OBJC_IMPLICIT_RETAIN_SELF = YES;
				CLANG_WARN_OBJC_LITERAL_CONVERSION = YES;
				CLANG_WARN_OBJC_ROOT_CLASS = YES_ERROR;
				CLANG_WARN_QUOTED_INCLUDE_IN_FRAMEWORK_HEADER = YES;
				CLANG_WARN_RANGE_LOOP_ANALYSIS = YES;
				CLANG_WARN_STRICT_PROTOTYPES = YES;
				CLANG_WARN_SUSPICIOUS_MOVE = YES;
				CLANG_WARN_UNGUARDED_AVAILABILITY = YES_AGGRESSIVE;
				CLANG_WARN_UNREACHABLE_CODE = YES;
				CLANG_WARN__DUPLICATE_METHOD_MATCH = YES;
				COPY_PHASE_STRIP = NO;
				DEBUG_INFORMATION_FORMAT = dwarf;
				ENABLE_STRICT_OBJC_MSGSEND = YES;
				ENABLE_TESTABILITY = YES;
				GCC_C_LANGUAGE_STANDARD = gnu11;
				GCC_DYNAMIC_NO_PIC = NO;
				GCC_NO_COMMON_BLOCKS = YES;
				GCC_OPTIMIZATION_LEVEL = 0;
				GCC_PREPROCESSOR_DEFINITIONS = (
					"DEBUG=1",
					"$(inherited)",
				);
				GCC_WARN_64_TO_32_BIT_CONVERSION = YES;
				GCC_WARN_ABOUT_RETURN_TYPE = YES_ERROR;
				GCC_WARN_UNDECLARED_SELECTOR = YES;
				GCC_WARN_UNINITIALIZED_AUTOS = YES_AGGRESSIVE;
				GCC_WARN_UNUSED_FUNCTION = YES;
				GCC_WARN_UNUSED_VARIABLE = YES;
				IPHONEOS_DEPLOYMENT_TARGET = 13.5;
				MTL_ENABLE_DEBUG_INFO = INCLUDE_SOURCE;
				MTL_FAST_MATH = YES;
				ONLY_ACTIVE_ARCH = YES;
				SDKROOT = iphoneos;
				SWIFT_ACTIVE_COMPILATION_CONDITIONS = DEBUG;
				SWIFT_OPTIMIZATION_LEVEL = "-Onone";
			};
			name = Debug;
		};
		2B7608CE2568EE140007C579 /* Release */ = {
			isa = XCBuildConfiguration;
			buildSettings = {
				ALWAYS_SEARCH_USER_PATHS = NO;
				CLANG_ANALYZER_NONNULL = YES;
				CLANG_ANALYZER_NUMBER_OBJECT_CONVERSION = YES_AGGRESSIVE;
				CLANG_CXX_LANGUAGE_STANDARD = "gnu++14";
				CLANG_CXX_LIBRARY = "libc++";
				CLANG_ENABLE_MODULES = YES;
				CLANG_ENABLE_OBJC_ARC = YES;
				CLANG_ENABLE_OBJC_WEAK = YES;
				CLANG_WARN_BLOCK_CAPTURE_AUTORELEASING = YES;
				CLANG_WARN_BOOL_CONVERSION = YES;
				CLANG_WARN_COMMA = YES;
				CLANG_WARN_CONSTANT_CONVERSION = YES;
				CLANG_WARN_DEPRECATED_OBJC_IMPLEMENTATIONS = YES;
				CLANG_WARN_DIRECT_OBJC_ISA_USAGE = YES_ERROR;
				CLANG_WARN_DOCUMENTATION_COMMENTS = YES;
				CLANG_WARN_EMPTY_BODY = YES;
				CLANG_WARN_ENUM_CONVERSION = YES;
				CLANG_WARN_INFINITE_RECURSION = YES;
				CLANG_WARN_INT_CONVERSION = YES;
				CLANG_WARN_NON_LITERAL_NULL_CONVERSION = YES;
				CLANG_WARN_OBJC_IMPLICIT_RETAIN_SELF = YES;
				CLANG_WARN_OBJC_LITERAL_CONVERSION = YES;
				CLANG_WARN_OBJC_ROOT_CLASS = YES_ERROR;
				CLANG_WARN_QUOTED_INCLUDE_IN_FRAMEWORK_HEADER = YES;
				CLANG_WARN_RANGE_LOOP_ANALYSIS = YES;
				CLANG_WARN_STRICT_PROTOTYPES = YES;
				CLANG_WARN_SUSPICIOUS_MOVE = YES;
				CLANG_WARN_UNGUARDED_AVAILABILITY = YES_AGGRESSIVE;
				CLANG_WARN_UNREACHABLE_CODE = YES;
				CLANG_WARN__DUPLICATE_METHOD_MATCH = YES;
				COPY_PHASE_STRIP = NO;
				DEBUG_INFORMATION_FORMAT = "dwarf-with-dsym";
				ENABLE_NS_ASSERTIONS = NO;
				ENABLE_STRICT_OBJC_MSGSEND = YES;
				GCC_C_LANGUAGE_STANDARD = gnu11;
				GCC_NO_COMMON_BLOCKS = YES;
				GCC_WARN_64_TO_32_BIT_CONVERSION = YES;
				GCC_WARN_ABOUT_RETURN_TYPE = YES_ERROR;
				GCC_WARN_UNDECLARED_SELECTOR = YES;
				GCC_WARN_UNINITIALIZED_AUTOS = YES_AGGRESSIVE;
				GCC_WARN_UNUSED_FUNCTION = YES;
				GCC_WARN_UNUSED_VARIABLE = YES;
				IPHONEOS_DEPLOYMENT_TARGET = 13.5;
				MTL_ENABLE_DEBUG_INFO = NO;
				MTL_FAST_MATH = YES;
				SDKROOT = iphoneos;
				SWIFT_COMPILATION_MODE = wholemodule;
				SWIFT_OPTIMIZATION_LEVEL = "-O";
				VALIDATE_PRODUCT = YES;
			};
			name = Release;
		};
		2B7608D02568EE140007C579 /* Debug */ = {
			isa = XCBuildConfiguration;
			baseConfigurationReference = 0B1CE894AEBB94F4EBDB0F7F /* Pods-InstagramFirestore.debug.xcconfig */;
			buildSettings = {
				ASSETCATALOG_COMPILER_APPICON_NAME = AppIcon;
				ASSETCATALOG_COMPILER_GLOBAL_ACCENT_COLOR_NAME = AccentColor;
				CODE_SIGN_STYLE = Automatic;
				DEVELOPMENT_TEAM = KUZFMUE789;
				INFOPLIST_FILE = InstagramFirestore/Info.plist;
				LD_RUNPATH_SEARCH_PATHS = (
					"$(inherited)",
					"@executable_path/Frameworks",
				);
				PRODUCT_BUNDLE_IDENTIFIER = com.kunaltyagi.instagramfirestore;
				PRODUCT_NAME = "$(TARGET_NAME)";
				SWIFT_VERSION = 5.0;
				TARGETED_DEVICE_FAMILY = "1,2";
			};
			name = Debug;
		};
		2B7608D12568EE140007C579 /* Release */ = {
			isa = XCBuildConfiguration;
			baseConfigurationReference = 9E95E6B22A1A80FCEF0FC0B2 /* Pods-InstagramFirestore.release.xcconfig */;
			buildSettings = {
				ASSETCATALOG_COMPILER_APPICON_NAME = AppIcon;
				ASSETCATALOG_COMPILER_GLOBAL_ACCENT_COLOR_NAME = AccentColor;
				CODE_SIGN_STYLE = Automatic;
				DEVELOPMENT_TEAM = KUZFMUE789;
				INFOPLIST_FILE = InstagramFirestore/Info.plist;
				LD_RUNPATH_SEARCH_PATHS = (
					"$(inherited)",
					"@executable_path/Frameworks",
				);
				PRODUCT_BUNDLE_IDENTIFIER = com.kunaltyagi.instagramfirestore;
				PRODUCT_NAME = "$(TARGET_NAME)";
				SWIFT_VERSION = 5.0;
				TARGETED_DEVICE_FAMILY = "1,2";
			};
			name = Release;
		};
/* End XCBuildConfiguration section */

/* Begin XCConfigurationList section */
		2B7608B62568EE100007C579 /* Build configuration list for PBXProject "InstagramFirestore" */ = {
			isa = XCConfigurationList;
			buildConfigurations = (
				2B7608CD2568EE140007C579 /* Debug */,
				2B7608CE2568EE140007C579 /* Release */,
			);
			defaultConfigurationIsVisible = 0;
			defaultConfigurationName = Release;
		};
		2B7608CF2568EE140007C579 /* Build configuration list for PBXNativeTarget "InstagramFirestore" */ = {
			isa = XCConfigurationList;
			buildConfigurations = (
				2B7608D02568EE140007C579 /* Debug */,
				2B7608D12568EE140007C579 /* Release */,
			);
			defaultConfigurationIsVisible = 0;
			defaultConfigurationName = Release;
		};
/* End XCConfigurationList section */
	};
	rootObject = 2B7608B32568EE100007C579 /* Project object */;
}
